// !$*UTF8*$!
{
	archiveVersion = 1;
	classes = {
	};
	objectVersion = 50;
	objects = {

/* Begin PBXBuildFile section */
		35C235FC208107660003326E /* AppDelegate.swift in Sources */ = {isa = PBXBuildFile; fileRef = 35C235FB208107660003326E /* AppDelegate.swift */; };
		35C235FE208107660003326E /* ViewController.swift in Sources */ = {isa = PBXBuildFile; fileRef = 35C235FD208107660003326E /* ViewController.swift */; };
		35C23601208107660003326E /* Main.storyboard in Resources */ = {isa = PBXBuildFile; fileRef = 35C235FF208107660003326E /* Main.storyboard */; };
		35C23603208107670003326E /* Assets.xcassets in Resources */ = {isa = PBXBuildFile; fileRef = 35C23602208107670003326E /* Assets.xcassets */; };
		35C23606208107670003326E /* LaunchScreen.storyboard in Resources */ = {isa = PBXBuildFile; fileRef = 35C23604208107670003326E /* LaunchScreen.storyboard */; };
		35C23611208107670003326E /* BarabaraGameTests.swift in Sources */ = {isa = PBXBuildFile; fileRef = 35C23610208107670003326E /* BarabaraGameTests.swift */; };
		35C2361C208107670003326E /* BarabaraGameUITests.swift in Sources */ = {isa = PBXBuildFile; fileRef = 35C2361B208107670003326E /* BarabaraGameUITests.swift */; };
		35C2362C208109490003326E /* tail.png in Resources */ = {isa = PBXBuildFile; fileRef = 35C2362A208109490003326E /* tail.png */; };
		35C2362D208109490003326E /* bar.png in Resources */ = {isa = PBXBuildFile; fileRef = 35C2362B208109490003326E /* bar.png */; };
		35C2362F20810BCE0003326E /* GameViewController.swift in Sources */ = {isa = PBXBuildFile; fileRef = 35C2362E20810BCE0003326E /* GameViewController.swift */; };
		35C2363120810BEC0003326E /* ResultViewController.swift in Sources */ = {isa = PBXBuildFile; fileRef = 35C2363020810BEC0003326E /* ResultViewController.swift */; };
/* End PBXBuildFile section */

/* Begin PBXContainerItemProxy section */
		35C2360D208107670003326E /* PBXContainerItemProxy */ = {
			isa = PBXContainerItemProxy;
			containerPortal = 35C235F0208107660003326E /* Project object */;
			proxyType = 1;
			remoteGlobalIDString = 35C235F7208107660003326E;
			remoteInfo = BarabaraGame;
		};
		35C23618208107670003326E /* PBXContainerItemProxy */ = {
			isa = PBXContainerItemProxy;
			containerPortal = 35C235F0208107660003326E /* Project object */;
			proxyType = 1;
			remoteGlobalIDString = 35C235F7208107660003326E;
			remoteInfo = BarabaraGame;
		};
/* End PBXContainerItemProxy section */

/* Begin PBXFileReference section */
		35C235F8208107660003326E /* BarabaraGame.app */ = {isa = PBXFileReference; explicitFileType = wrapper.application; includeInIndex = 0; path = BarabaraGame.app; sourceTree = BUILT_PRODUCTS_DIR; };
		35C235FB208107660003326E /* AppDelegate.swift */ = {isa = PBXFileReference; lastKnownFileType = sourcecode.swift; path = AppDelegate.swift; sourceTree = "<group>"; };
		35C235FD208107660003326E /* ViewController.swift */ = {isa = PBXFileReference; lastKnownFileType = sourcecode.swift; path = ViewController.swift; sourceTree = "<group>"; };
		35C23600208107660003326E /* Base */ = {isa = PBXFileReference; lastKnownFileType = file.storyboard; name = Base; path = Base.lproj/Main.storyboard; sourceTree = "<group>"; };
		35C23602208107670003326E /* Assets.xcassets */ = {isa = PBXFileReference; lastKnownFileType = folder.assetcatalog; path = Assets.xcassets; sourceTree = "<group>"; };
		35C23605208107670003326E /* Base */ = {isa = PBXFileReference; lastKnownFileType = file.storyboard; name = Base; path = Base.lproj/LaunchScreen.storyboard; sourceTree = "<group>"; };
		35C23607208107670003326E /* Info.plist */ = {isa = PBXFileReference; lastKnownFileType = text.plist.xml; path = Info.plist; sourceTree = "<group>"; };
		35C2360C208107670003326E /* BarabaraGameTests.xctest */ = {isa = PBXFileReference; explicitFileType = wrapper.cfbundle; includeInIndex = 0; path = BarabaraGameTests.xctest; sourceTree = BUILT_PRODUCTS_DIR; };
		35C23610208107670003326E /* BarabaraGameTests.swift */ = {isa = PBXFileReference; lastKnownFileType = sourcecode.swift; path = BarabaraGameTests.swift; sourceTree = "<group>"; };
		35C23612208107670003326E /* Info.plist */ = {isa = PBXFileReference; lastKnownFileType = text.plist.xml; path = Info.plist; sourceTree = "<group>"; };
		35C23617208107670003326E /* BarabaraGameUITests.xctest */ = {isa = PBXFileReference; explicitFileType = wrapper.cfbundle; includeInIndex = 0; path = BarabaraGameUITests.xctest; sourceTree = BUILT_PRODUCTS_DIR; };
		35C2361B208107670003326E /* BarabaraGameUITests.swift */ = {isa = PBXFileReference; lastKnownFileType = sourcecode.swift; path = BarabaraGameUITests.swift; sourceTree = "<group>"; };
		35C2361D208107670003326E /* Info.plist */ = {isa = PBXFileReference; lastKnownFileType = text.plist.xml; path = Info.plist; sourceTree = "<group>"; };
		35C2362A208109490003326E /* tail.png */ = {isa = PBXFileReference; lastKnownFileType = image.png; path = tail.png; sourceTree = "<group>"; };
		35C2362B208109490003326E /* bar.png */ = {isa = PBXFileReference; lastKnownFileType = image.png; path = bar.png; sourceTree = "<group>"; };
		35C2362E20810BCE0003326E /* GameViewController.swift */ = {isa = PBXFileReference; lastKnownFileType = sourcecode.swift; path = GameViewController.swift; sourceTree = "<group>"; };
		35C2363020810BEC0003326E /* ResultViewController.swift */ = {isa = PBXFileReference; lastKnownFileType = sourcecode.swift; path = ResultViewController.swift; sourceTree = "<group>"; };
/* End PBXFileReference section */

/* Begin PBXFrameworksBuildPhase section */
		35C235F5208107660003326E /* Frameworks */ = {
			isa = PBXFrameworksBuildPhase;
			buildActionMask = 2147483647;
			files = (
			);
			runOnlyForDeploymentPostprocessing = 0;
		};
		35C23609208107670003326E /* Frameworks */ = {
			isa = PBXFrameworksBuildPhase;
			buildActionMask = 2147483647;
			files = (
			);
			runOnlyForDeploymentPostprocessing = 0;
		};
		35C23614208107670003326E /* Frameworks */ = {
			isa = PBXFrameworksBuildPhase;
			buildActionMask = 2147483647;
			files = (
			);
			runOnlyForDeploymentPostprocessing = 0;
		};
/* End PBXFrameworksBuildPhase section */

/* Begin PBXGroup section */
		35C235EF208107660003326E = {
			isa = PBXGroup;
			children = (
				35C235FA208107660003326E /* BarabaraGame */,
				35C2360F208107670003326E /* BarabaraGameTests */,
				35C2361A208107670003326E /* BarabaraGameUITests */,
				35C235F9208107660003326E /* Products */,
			);
			sourceTree = "<group>";
		};
		35C235F9208107660003326E /* Products */ = {
			isa = PBXGroup;
			children = (
				35C235F8208107660003326E /* BarabaraGame.app */,
				35C2360C208107670003326E /* BarabaraGameTests.xctest */,
				35C23617208107670003326E /* BarabaraGameUITests.xctest */,
			);
			name = Products;
			sourceTree = "<group>";
		};
		35C235FA208107660003326E /* BarabaraGame */ = {
			isa = PBXGroup;
			children = (
				35C23629208109490003326E /* Barabara素材 */,
				35C235FB208107660003326E /* AppDelegate.swift */,
				35C235FD208107660003326E /* ViewController.swift */,
				35C235FF208107660003326E /* Main.storyboard */,
				35C23602208107670003326E /* Assets.xcassets */,
				35C23604208107670003326E /* LaunchScreen.storyboard */,
				35C23607208107670003326E /* Info.plist */,
				35C2362E20810BCE0003326E /* GameViewController.swift */,
				35C2363020810BEC0003326E /* ResultViewController.swift */,
			);
			path = BarabaraGame;
			sourceTree = "<group>";
		};
		35C2360F208107670003326E /* BarabaraGameTests */ = {
			isa = PBXGroup;
			children = (
				35C23610208107670003326E /* BarabaraGameTests.swift */,
				35C23612208107670003326E /* Info.plist */,
			);
			path = BarabaraGameTests;
			sourceTree = "<group>";
		};
		35C2361A208107670003326E /* BarabaraGameUITests */ = {
			isa = PBXGroup;
			children = (
				35C2361B208107670003326E /* BarabaraGameUITests.swift */,
				35C2361D208107670003326E /* Info.plist */,
			);
			path = BarabaraGameUITests;
			sourceTree = "<group>";
		};
		35C23629208109490003326E /* Barabara素材 */ = {
			isa = PBXGroup;
			children = (
				35C2362A208109490003326E /* tail.png */,
				35C2362B208109490003326E /* bar.png */,
			);
			path = "Barabara素材";
			sourceTree = "<group>";
		};
/* End PBXGroup section */

/* Begin PBXNativeTarget section */
		35C235F7208107660003326E /* BarabaraGame */ = {
			isa = PBXNativeTarget;
			buildConfigurationList = 35C23620208107670003326E /* Build configuration list for PBXNativeTarget "BarabaraGame" */;
			buildPhases = (
				35C235F4208107660003326E /* Sources */,
				35C235F5208107660003326E /* Frameworks */,
				35C235F6208107660003326E /* Resources */,
			);
			buildRules = (
			);
			dependencies = (
			);
			name = BarabaraGame;
			productName = BarabaraGame;
			productReference = 35C235F8208107660003326E /* BarabaraGame.app */;
			productType = "com.apple.product-type.application";
		};
		35C2360B208107670003326E /* BarabaraGameTests */ = {
			isa = PBXNativeTarget;
			buildConfigurationList = 35C23623208107670003326E /* Build configuration list for PBXNativeTarget "BarabaraGameTests" */;
			buildPhases = (
				35C23608208107670003326E /* Sources */,
				35C23609208107670003326E /* Frameworks */,
				35C2360A208107670003326E /* Resources */,
			);
			buildRules = (
			);
			dependencies = (
				35C2360E208107670003326E /* PBXTargetDependency */,
			);
			name = BarabaraGameTests;
			productName = BarabaraGameTests;
			productReference = 35C2360C208107670003326E /* BarabaraGameTests.xctest */;
			productType = "com.apple.product-type.bundle.unit-test";
		};
		35C23616208107670003326E /* BarabaraGameUITests */ = {
			isa = PBXNativeTarget;
			buildConfigurationList = 35C23626208107670003326E /* Build configuration list for PBXNativeTarget "BarabaraGameUITests" */;
			buildPhases = (
				35C23613208107670003326E /* Sources */,
				35C23614208107670003326E /* Frameworks */,
				35C23615208107670003326E /* Resources */,
			);
			buildRules = (
			);
			dependencies = (
				35C23619208107670003326E /* PBXTargetDependency */,
			);
			name = BarabaraGameUITests;
			productName = BarabaraGameUITests;
			productReference = 35C23617208107670003326E /* BarabaraGameUITests.xctest */;
			productType = "com.apple.product-type.bundle.ui-testing";
		};
/* End PBXNativeTarget section */

/* Begin PBXProject section */
		35C235F0208107660003326E /* Project object */ = {
			isa = PBXProject;
			attributes = {
				LastSwiftUpdateCheck = 0930;
				LastUpgradeCheck = 0930;
				ORGANIZATIONNAME = Mio;
				TargetAttributes = {
					35C235F7208107660003326E = {
						CreatedOnToolsVersion = 9.3;
					};
					35C2360B208107670003326E = {
						CreatedOnToolsVersion = 9.3;
						TestTargetID = 35C235F7208107660003326E;
					};
					35C23616208107670003326E = {
						CreatedOnToolsVersion = 9.3;
						TestTargetID = 35C235F7208107660003326E;
					};
				};
			};
			buildConfigurationList = 35C235F3208107660003326E /* Build configuration list for PBXProject "BarabaraGame" */;
			compatibilityVersion = "Xcode 9.3";
			developmentRegion = en;
			hasScannedForEncodings = 0;
			knownRegions = (
				en,
				Base,
			);
			mainGroup = 35C235EF208107660003326E;
			productRefGroup = 35C235F9208107660003326E /* Products */;
			projectDirPath = "";
			projectRoot = "";
			targets = (
				35C235F7208107660003326E /* BarabaraGame */,
				35C2360B208107670003326E /* BarabaraGameTests */,
				35C23616208107670003326E /* BarabaraGameUITests */,
			);
		};
/* End PBXProject section */

/* Begin PBXResourcesBuildPhase section */
		35C235F6208107660003326E /* Resources */ = {
			isa = PBXResourcesBuildPhase;
			buildActionMask = 2147483647;
			files = (
				35C23606208107670003326E /* LaunchScreen.storyboard in Resources */,
				35C2362D208109490003326E /* bar.png in Resources */,
				35C2362C208109490003326E /* tail.png in Resources */,
				35C23603208107670003326E /* Assets.xcassets in Resources */,
				35C23601208107660003326E /* Main.storyboard in Resources */,
			);
			runOnlyForDeploymentPostprocessing = 0;
		};
		35C2360A208107670003326E /* Resources */ = {
			isa = PBXResourcesBuildPhase;
			buildActionMask = 2147483647;
			files = (
			);
			runOnlyForDeploymentPostprocessing = 0;
		};
		35C23615208107670003326E /* Resources */ = {
			isa = PBXResourcesBuildPhase;
			buildActionMask = 2147483647;
			files = (
			);
			runOnlyForDeploymentPostprocessing = 0;
		};
/* End PBXResourcesBuildPhase section */

/* Begin PBXSourcesBuildPhase section */
		35C235F4208107660003326E /* Sources */ = {
			isa = PBXSourcesBuildPhase;
			buildActionMask = 2147483647;
			files = (
				35C235FE208107660003326E /* ViewController.swift in Sources */,
				35C2362F20810BCE0003326E /* GameViewController.swift in Sources */,
				35C235FC208107660003326E /* AppDelegate.swift in Sources */,
				35C2363120810BEC0003326E /* ResultViewController.swift in Sources */,
			);
			runOnlyForDeploymentPostprocessing = 0;
		};
		35C23608208107670003326E /* Sources */ = {
			isa = PBXSourcesBuildPhase;
			buildActionMask = 2147483647;
			files = (
				35C23611208107670003326E /* BarabaraGameTests.swift in Sources */,
			);
			runOnlyForDeploymentPostprocessing = 0;
		};
		35C23613208107670003326E /* Sources */ = {
			isa = PBXSourcesBuildPhase;
			buildActionMask = 2147483647;
			files = (
				35C2361C208107670003326E /* BarabaraGameUITests.swift in Sources */,
			);
			runOnlyForDeploymentPostprocessing = 0;
		};
/* End PBXSourcesBuildPhase section */

/* Begin PBXTargetDependency section */
		35C2360E208107670003326E /* PBXTargetDependency */ = {
			isa = PBXTargetDependency;
			target = 35C235F7208107660003326E /* BarabaraGame */;
			targetProxy = 35C2360D208107670003326E /* PBXContainerItemProxy */;
		};
		35C23619208107670003326E /* PBXTargetDependency */ = {
			isa = PBXTargetDependency;
			target = 35C235F7208107660003326E /* BarabaraGame */;
			targetProxy = 35C23618208107670003326E /* PBXContainerItemProxy */;
		};
/* End PBXTargetDependency section */

/* Begin PBXVariantGroup section */
		35C235FF208107660003326E /* Main.storyboard */ = {
			isa = PBXVariantGroup;
			children = (
				35C23600208107660003326E /* Base */,
			);
			name = Main.storyboard;
			sourceTree = "<group>";
		};
		35C23604208107670003326E /* LaunchScreen.storyboard */ = {
			isa = PBXVariantGroup;
			children = (
				35C23605208107670003326E /* Base */,
			);
			name = LaunchScreen.storyboard;
			sourceTree = "<group>";
		};
/* End PBXVariantGroup section */

/* Begin XCBuildConfiguration section */
		35C2361E208107670003326E /* Debug */ = {
			isa = XCBuildConfiguration;
			buildSettings = {
				ALWAYS_SEARCH_USER_PATHS = NO;
				CLANG_ANALYZER_NONNULL = YES;
				CLANG_ANALYZER_NUMBER_OBJECT_CONVERSION = YES_AGGRESSIVE;
				CLANG_CXX_LANGUAGE_STANDARD = "gnu++14";
				CLANG_CXX_LIBRARY = "libc++";
				CLANG_ENABLE_MODULES = YES;
				CLANG_ENABLE_OBJC_ARC = YES;
				CLANG_ENABLE_OBJC_WEAK = YES;
				CLANG_WARN_BLOCK_CAPTURE_AUTORELEASING = YES;
				CLANG_WARN_BOOL_CONVERSION = YES;
				CLANG_WARN_COMMA = YES;
				CLANG_WARN_CONSTANT_CONVERSION = YES;
				CLANG_WARN_DEPRECATED_OBJC_IMPLEMENTATIONS = YES;
				CLANG_WARN_DIRECT_OBJC_ISA_USAGE = YES_ERROR;
				CLANG_WARN_DOCUMENTATION_COMMENTS = YES;
				CLANG_WARN_EMPTY_BODY = YES;
				CLANG_WARN_ENUM_CONVERSION = YES;
				CLANG_WARN_INFINITE_RECURSION = YES;
				CLANG_WARN_INT_CONVERSION = YES;
				CLANG_WARN_NON_LITERAL_NULL_CONVERSION = YES;
				CLANG_WARN_OBJC_IMPLICIT_RETAIN_SELF = YES;
				CLANG_WARN_OBJC_LITERAL_CONVERSION = YES;
				CLANG_WARN_OBJC_ROOT_CLASS = YES_ERROR;
				CLANG_WARN_RANGE_LOOP_ANALYSIS = YES;
				CLANG_WARN_STRICT_PROTOTYPES = YES;
				CLANG_WARN_SUSPICIOUS_MOVE = YES;
				CLANG_WARN_UNGUARDED_AVAILABILITY = YES_AGGRESSIVE;
				CLANG_WARN_UNREACHABLE_CODE = YES;
				CLANG_WARN__DUPLICATE_METHOD_MATCH = YES;
				CODE_SIGN_IDENTITY = "iPhone Developer";
				COPY_PHASE_STRIP = NO;
				DEBUG_INFORMATION_FORMAT = dwarf;
				ENABLE_STRICT_OBJC_MSGSEND = YES;
				ENABLE_TESTABILITY = YES;
				GCC_C_LANGUAGE_STANDARD = gnu11;
				GCC_DYNAMIC_NO_PIC = NO;
				GCC_NO_COMMON_BLOCKS = YES;
				GCC_OPTIMIZATION_LEVEL = 0;
				GCC_PREPROCESSOR_DEFINITIONS = (
					"DEBUG=1",
					"$(inherited)",
				);
				GCC_WARN_64_TO_32_BIT_CONVERSION = YES;
				GCC_WARN_ABOUT_RETURN_TYPE = YES_ERROR;
				GCC_WARN_UNDECLARED_SELECTOR = YES;
				GCC_WARN_UNINITIALIZED_AUTOS = YES_AGGRESSIVE;
				GCC_WARN_UNUSED_FUNCTION = YES;
				GCC_WARN_UNUSED_VARIABLE = YES;
				IPHONEOS_DEPLOYMENT_TARGET = 11.3;
				MTL_ENABLE_DEBUG_INFO = YES;
				ONLY_ACTIVE_ARCH = YES;
				SDKROOT = iphoneos;
				SWIFT_ACTIVE_COMPILATION_CONDITIONS = DEBUG;
				SWIFT_OPTIMIZATION_LEVEL = "-Onone";
			};
			name = Debug;
		};
		35C2361F208107670003326E /* Release */ = {
			isa = XCBuildConfiguration;
			buildSettings = {
				ALWAYS_SEARCH_USER_PATHS = NO;
				CLANG_ANALYZER_NONNULL = YES;
				CLANG_ANALYZER_NUMBER_OBJECT_CONVERSION = YES_AGGRESSIVE;
				CLANG_CXX_LANGUAGE_STANDARD = "gnu++14";
				CLANG_CXX_LIBRARY = "libc++";
				CLANG_ENABLE_MODULES = YES;
				CLANG_ENABLE_OBJC_ARC = YES;
				CLANG_ENABLE_OBJC_WEAK = YES;
				CLANG_WARN_BLOCK_CAPTURE_AUTORELEASING = YES;
				CLANG_WARN_BOOL_CONVERSION = YES;
				CLANG_WARN_COMMA = YES;
				CLANG_WARN_CONSTANT_CONVERSION = YES;
				CLANG_WARN_DEPRECATED_OBJC_IMPLEMENTATIONS = YES;
				CLANG_WARN_DIRECT_OBJC_ISA_USAGE = YES_ERROR;
				CLANG_WARN_DOCUMENTATION_COMMENTS = YES;
				CLANG_WARN_EMPTY_BODY = YES;
				CLANG_WARN_ENUM_CONVERSION = YES;
				CLANG_WARN_INFINITE_RECURSION = YES;
				CLANG_WARN_INT_CONVERSION = YES;
				CLANG_WARN_NON_LITERAL_NULL_CONVERSION = YES;
				CLANG_WARN_OBJC_IMPLICIT_RETAIN_SELF = YES;
				CLANG_WARN_OBJC_LITERAL_CONVERSION = YES;
				CLANG_WARN_OBJC_ROOT_CLASS = YES_ERROR;
				CLANG_WARN_RANGE_LOOP_ANALYSIS = YES;
				CLANG_WARN_STRICT_PROTOTYPES = YES;
				CLANG_WARN_SUSPICIOUS_MOVE = YES;
				CLANG_WARN_UNGUARDED_AVAILABILITY = YES_AGGRESSIVE;
				CLANG_WARN_UNREACHABLE_CODE = YES;
				CLANG_WARN__DUPLICATE_METHOD_MATCH = YES;
				CODE_SIGN_IDENTITY = "iPhone Developer";
				COPY_PHASE_STRIP = NO;
				DEBUG_INFORMATION_FORMAT = "dwarf-with-dsym";
				ENABLE_NS_ASSERTIONS = NO;
				ENABLE_STRICT_OBJC_MSGSEND = YES;
				GCC_C_LANGUAGE_STANDARD = gnu11;
				GCC_NO_COMMON_BLOCKS = YES;
				GCC_WARN_64_TO_32_BIT_CONVERSION = YES;
				GCC_WARN_ABOUT_RETURN_TYPE = YES_ERROR;
				GCC_WARN_UNDECLARED_SELECTOR = YES;
				GCC_WARN_UNINITIALIZED_AUTOS = YES_AGGRESSIVE;
				GCC_WARN_UNUSED_FUNCTION = YES;
				GCC_WARN_UNUSED_VARIABLE = YES;
				IPHONEOS_DEPLOYMENT_TARGET = 11.3;
				MTL_ENABLE_DEBUG_INFO = NO;
				SDKROOT = iphoneos;
				SWIFT_COMPILATION_MODE = wholemodule;
				SWIFT_OPTIMIZATION_LEVEL = "-O";
				VALIDATE_PRODUCT = YES;
			};
			name = Release;
		};
		35C23621208107670003326E /* Debug */ = {
			isa = XCBuildConfiguration;
			buildSettings = {
				ASSETCATALOG_COMPILER_APPICON_NAME = AppIcon;
				CODE_SIGN_STYLE = Automatic;
				INFOPLIST_FILE = BarabaraGame/Info.plist;
				LD_RUNPATH_SEARCH_PATHS = (
					"$(inherited)",
					"@executable_path/Frameworks",
				);
				PRODUCT_BUNDLE_IDENTIFIER = MIO.BarabaraGame;
				PRODUCT_NAME = "$(TARGET_NAME)";
				SWIFT_VERSION = 4.0;
				TARGETED_DEVICE_FAMILY = "1,2";
			};
			name = Debug;
		};
		35C23622208107670003326E /* Release */ = {
			isa = XCBuildConfiguration;
			buildSettings = {
				ASSETCATALOG_COMPILER_APPICON_NAME = AppIcon;
				CODE_SIGN_STYLE = Automatic;
				INFOPLIST_FILE = BarabaraGame/Info.plist;
				LD_RUNPATH_SEARCH_PATHS = (
					"$(inherited)",
					"@executable_path/Frameworks",
				);
				PRODUCT_BUNDLE_IDENTIFIER = MIO.BarabaraGame;
				PRODUCT_NAME = "$(TARGET_NAME)";
				SWIFT_VERSION = 4.0;
				TARGETED_DEVICE_FAMILY = "1,2";
			};
			name = Release;
		};
		35C23624208107670003326E /* Debug */ = {
			isa = XCBuildConfiguration;
			buildSettings = {
				ALWAYS_EMBED_SWIFT_STANDARD_LIBRARIES = YES;
				BUNDLE_LOADER = "$(TEST_HOST)";
				CODE_SIGN_STYLE = Automatic;
				INFOPLIST_FILE = BarabaraGameTests/Info.plist;
				LD_RUNPATH_SEARCH_PATHS = (
					"$(inherited)",
					"@executable_path/Frameworks",
					"@loader_path/Frameworks",
				);
				PRODUCT_BUNDLE_IDENTIFIER = MIO.BarabaraGameTests;
				PRODUCT_NAME = "$(TARGET_NAME)";
				SWIFT_VERSION = 4.0;
				TARGETED_DEVICE_FAMILY = "1,2";
				TEST_HOST = "$(BUILT_PRODUCTS_DIR)/BarabaraGame.app/BarabaraGame";
			};
			name = Debug;
		};
		35C23625208107670003326E /* Release */ = {
			isa = XCBuildConfiguration;
			buildSettings = {
				ALWAYS_EMBED_SWIFT_STANDARD_LIBRARIES = YES;
				BUNDLE_LOADER = "$(TEST_HOST)";
				CODE_SIGN_STYLE = Automatic;
				INFOPLIST_FILE = BarabaraGameTests/Info.plist;
				LD_RUNPATH_SEARCH_PATHS = (
					"$(inherited)",
					"@executable_path/Frameworks",
					"@loader_path/Frameworks",
				);
				PRODUCT_BUNDLE_IDENTIFIER = MIO.BarabaraGameTests;
				PRODUCT_NAME = "$(TARGET_NAME)";
				SWIFT_VERSION = 4.0;
				TARGETED_DEVICE_FAMILY = "1,2";
				TEST_HOST = "$(BUILT_PRODUCTS_DIR)/BarabaraGame.app/BarabaraGame";
			};
			name = Release;
		};
		35C23627208107670003326E /* Debug */ = {
			isa = XCBuildConfiguration;
			buildSettings = {
				ALWAYS_EMBED_SWIFT_STANDARD_LIBRARIES = YES;
				CODE_SIGN_STYLE = Automatic;
				INFOPLIST_FILE = BarabaraGameUITests/Info.plist;
				LD_RUNPATH_SEARCH_PATHS = (
					"$(inherited)",
					"@executable_path/Frameworks",
					"@loader_path/Frameworks",
				);
				PRODUCT_BUNDLE_IDENTIFIER = MIO.BarabaraGameUITests;
				PRODUCT_NAME = "$(TARGET_NAME)";
				SWIFT_VERSION = 4.0;
				TARGETED_DEVICE_FAMILY = "1,2";
				TEST_TARGET_NAME = BarabaraGame;
			};
			name = Debug;
		};
		35C23628208107670003326E /* Release */ = {
			isa = XCBuildConfiguration;
			buildSettings = {
				ALWAYS_EMBED_SWIFT_STANDARD_LIBRARIES = YES;
				CODE_SIGN_STYLE = Automatic;
				INFOPLIST_FILE = BarabaraGameUITests/Info.plist;
				LD_RUNPATH_SEARCH_PATHS = (
					"$(inherited)",
					"@executable_path/Frameworks",
					"@loader_path/Frameworks",
				);
				PRODUCT_BUNDLE_IDENTIFIER = MIO.BarabaraGameUITests;
				PRODUCT_NAME = "$(TARGET_NAME)";
				SWIFT_VERSION = 4.0;
				TARGETED_DEVICE_FAMILY = "1,2";
				TEST_TARGET_NAME = BarabaraGame;
			};
			name = Release;
		};
/* End XCBuildConfiguration section */

/* Begin XCConfigurationList section */
		35C235F3208107660003326E /* Build configuration list for PBXProject "BarabaraGame" */ = {
			isa = XCConfigurationList;
			buildConfigurations = (
				35C2361E208107670003326E /* Debug */,
				35C2361F208107670003326E /* Release */,
			);
			defaultConfigurationIsVisible = 0;
			defaultConfigurationName = Release;
		};
		35C23620208107670003326E /* Build configuration list for PBXNativeTarget "BarabaraGame" */ = {
			isa = XCConfigurationList;
			buildConfigurations = (
				35C23621208107670003326E /* Debug */,
				35C23622208107670003326E /* Release */,
			);
			defaultConfigurationIsVisible = 0;
			defaultConfigurationName = Release;
		};
		35C23623208107670003326E /* Build configuration list for PBXNativeTarget "BarabaraGameTests" */ = {
			isa = XCConfigurationList;
			buildConfigurations = (
				35C23624208107670003326E /* Debug */,
				35C23625208107670003326E /* Release */,
			);
			defaultConfigurationIsVisible = 0;
			defaultConfigurationName = Release;
		};
		35C23626208107670003326E /* Build configuration list for PBXNativeTarget "BarabaraGameUITests" */ = {
			isa = XCConfigurationList;
			buildConfigurations = (
				35C23627208107670003326E /* Debug */,
				35C23628208107670003326E /* Release */,
			);
			defaultConfigurationIsVisible = 0;
			defaultConfigurationName = Release;
		};
/* End XCConfigurationList section */
	};
	rootObject = 35C235F0208107660003326E /* Project object */;
}
